{
  "name": "gitpyman-web",
  "version": "1.0.0",
  "lockfileVersion": 1,
  "requires": true,
  "dependencies": {
    "ajv": {
      "version": "6.11.0",
      "resolved": "https://registry.npm.taobao.org/ajv/download/ajv-6.11.0.tgz",
      "integrity": "sha1-w2B8vIrjktilpTbyWyH45fP4f+k=",
      "requires": {
        "fast-deep-equal": "^3.1.1",
        "fast-json-stable-stringify": "^2.0.0",
        "json-schema-traverse": "^0.4.1",
        "uri-js": "^4.2.2"
      }
    },
    "ajv-keywords": {
      "version": "3.4.1",
      "resolved": "https://registry.npm.taobao.org/ajv-keywords/download/ajv-keywords-3.4.1.tgz",
      "integrity": "sha1-75FuJxxkrBIXH9g4TqrmsjRYVNo="
    },
    "ansi-styles": {
      "version": "3.2.1",
      "resolved": "https://registry.npm.taobao.org/ansi-styles/download/ansi-styles-3.2.1.tgz",
      "integrity": "sha1-QfuyAkPlCxK+DwS43tvwdSDOhB0=",
      "requires": {
        "color-convert": "^1.9.0"
      }
    },
    "async-validator": {
      "version": "1.8.5",
      "resolved": "https://registry.npm.taobao.org/async-validator/download/async-validator-1.8.5.tgz",
      "integrity": "sha1-3D4I7B/Q3dtn5ghC8CwM0c7G1/A=",
      "requires": {
        "babel-runtime": "6.x"
      }
    },
    "babel-helper-vue-jsx-merge-props": {
      "version": "2.0.3",
      "resolved": "https://registry.npm.taobao.org/babel-helper-vue-jsx-merge-props/download/babel-helper-vue-jsx-merge-props-2.0.3.tgz",
      "integrity": "sha1-Iq69OzOQIyjlEyk6jkmSs4T58bY="
    },
    "babel-runtime": {
      "version": "6.26.0",
      "resolved": "https://registry.npm.taobao.org/babel-runtime/download/babel-runtime-6.26.0.tgz",
      "integrity": "sha1-llxwWGaOgrVde/4E/yM3vItWR/4=",
      "requires": {
        "core-js": "^2.4.0",
        "regenerator-runtime": "^0.11.0"
      }
    },
    "batch-processor": {
      "version": "1.0.0",
      "resolved": "https://registry.npm.taobao.org/batch-processor/download/batch-processor-1.0.0.tgz",
      "integrity": "sha1-dclcMrdI4IUNEMKxaPa9vpiRrOg="
    },
    "big.js": {
      "version": "5.2.2",
      "resolved": "https://registry.npm.taobao.org/big.js/download/big.js-5.2.2.tgz",
      "integrity": "sha1-ZfCvOC9Xi83HQr2cKB6cstd2gyg="
    },
    "camelcase": {
      "version": "5.3.1",
      "resolved": "https://registry.npm.taobao.org/camelcase/download/camelcase-5.3.1.tgz",
      "integrity": "sha1-48mzFWnhBoEd8kL3FXJaH0xJQyA="
    },
    "chalk": {
      "version": "2.4.2",
      "resolved": "https://registry.npm.taobao.org/chalk/download/chalk-2.4.2.tgz?cache=0&sync_timestamp=1573282918610&other_urls=https%3A%2F%2Fregistry.npm.taobao.org%2Fchalk%2Fdownload%2Fchalk-2.4.2.tgz",
      "integrity": "sha1-zUJUFnelQzPPVBpJEIwUMrRMlCQ=",
      "requires": {
        "ansi-styles": "^3.2.1",
        "escape-string-regexp": "^1.0.5",
        "supports-color": "^5.3.0"
      },
      "dependencies": {
        "supports-color": {
          "version": "5.5.0",
          "resolved": "https://registry.npm.taobao.org/supports-color/download/supports-color-5.5.0.tgz",
          "integrity": "sha1-4uaaRKyHcveKHsCzW2id9lMO/I8=",
          "requires": {
            "has-flag": "^3.0.0"
          }
        }
      }
    },
    "color-convert": {
      "version": "1.9.3",
      "resolved": "https://registry.npm.taobao.org/color-convert/download/color-convert-1.9.3.tgz",
      "integrity": "sha1-u3GFBpDh8TZWfeYp0tVHHe2kweg=",
      "requires": {
        "color-name": "1.1.3"
      }
    },
    "color-name": {
      "version": "1.1.3",
      "resolved": "https://registry.npm.taobao.org/color-name/download/color-name-1.1.3.tgz",
      "integrity": "sha1-p9BVi9icQveV3UIyj3QIMcpTvCU="
    },
    "core-js": {
      "version": "2.6.11",
      "resolved": "https://registry.npm.taobao.org/core-js/download/core-js-2.6.11.tgz?cache=0&other_urls=https%3A%2F%2Fregistry.npm.taobao.org%2Fcore-js%2Fdownload%2Fcore-js-2.6.11.tgz",
      "integrity": "sha1-OIMUafmSK97Y7iHJ3EaYXgOZMIw="
    },
    "css-loader": {
      "version": "3.4.2",
      "resolved": "https://registry.npm.taobao.org/css-loader/download/css-loader-3.4.2.tgz",
      "integrity": "sha1-0/2zNYtD8jO3hQHF7XscbaYTMgI=",
      "requires": {
        "camelcase": "^5.3.1",
        "cssesc": "^3.0.0",
        "icss-utils": "^4.1.1",
        "loader-utils": "^1.2.3",
        "normalize-path": "^3.0.0",
        "postcss": "^7.0.23",
        "postcss-modules-extract-imports": "^2.0.0",
        "postcss-modules-local-by-default": "^3.0.2",
        "postcss-modules-scope": "^2.1.1",
        "postcss-modules-values": "^3.0.0",
        "postcss-value-parser": "^4.0.2",
        "schema-utils": "^2.6.0"
      }
    },
    "cssesc": {
      "version": "3.0.0",
      "resolved": "https://registry.npm.taobao.org/cssesc/download/cssesc-3.0.0.tgz",
      "integrity": "sha1-N3QZGZA7hoVl4cCep0dEXNGJg+4="
    },
    "deepmerge": {
      "version": "1.5.2",
      "resolved": "https://registry.npm.taobao.org/deepmerge/download/deepmerge-1.5.2.tgz?cache=0&sync_timestamp=1572279720382&other_urls=https%3A%2F%2Fregistry.npm.taobao.org%2Fdeepmerge%2Fdownload%2Fdeepmerge-1.5.2.tgz",
      "integrity": "sha1-EEmdhohEza1P7ghC34x/bwyVp1M="
    },
    "element-resize-detector": {
      "version": "1.2.1",
      "resolved": "https://registry.npm.taobao.org/element-resize-detector/download/element-resize-detector-1.2.1.tgz?cache=0&sync_timestamp=1579090861211&other_urls=https%3A%2F%2Fregistry.npm.taobao.org%2Felement-resize-detector%2Fdownload%2Felement-resize-detector-1.2.1.tgz",
      "integrity": "sha1-sDBRlER6SGMVXljxMyOgrvMIUdE=",
      "requires": {
        "batch-processor": "1.0.0"
      }
    },
    "element-ui": {
      "version": "2.13.0",
      "resolved": "https://registry.npm.taobao.org/element-ui/download/element-ui-2.13.0.tgz",
      "integrity": "sha1-9rsE5bCnbqX2JGYES3dEB7pOvS0=",
      "requires": {
        "async-validator": "~1.8.1",
        "babel-helper-vue-jsx-merge-props": "^2.0.0",
        "deepmerge": "^1.2.0",
        "normalize-wheel": "^1.0.1",
        "resize-observer-polyfill": "^1.5.0",
        "throttle-debounce": "^1.0.1"
      }
    },
    "emojis-list": {
      "version": "2.1.0",
      "resolved": "https://registry.npm.taobao.org/emojis-list/download/emojis-list-2.1.0.tgz",
      "integrity": "sha1-TapNnbAPmBmIDHn6RXrlsJof04k="
    },
    "escape-string-regexp": {
      "version": "1.0.5",
      "resolved": "https://registry.npm.taobao.org/escape-string-regexp/download/escape-string-regexp-1.0.5.tgz",
      "integrity": "sha1-G2HAViGQqN/2rjuyzwIAyhMLhtQ="
    },
    "fast-deep-equal": {
      "version": "3.1.1",
      "resolved": "https://registry.npm.taobao.org/fast-deep-equal/download/fast-deep-equal-3.1.1.tgz",
      "integrity": "sha1-VFFFB3xQFJHjOxXsQIwpQ3bpSuQ="
    },
    "fast-json-stable-stringify": {
      "version": "2.1.0",
      "resolved": "https://registry.npm.taobao.org/fast-json-stable-stringify/download/fast-json-stable-stringify-2.1.0.tgz?cache=0&sync_timestamp=1576340291001&other_urls=https%3A%2F%2Fregistry.npm.taobao.org%2Ffast-json-stable-stringify%2Fdownload%2Ffast-json-stable-stringify-2.1.0.tgz",
      "integrity": "sha1-h0v2nG9ATCtdmcSBNBOZ/VWJJjM="
    },
    "file-loader": {
      "version": "5.0.2",
      "resolved": "https://registry.npm.taobao.org/file-loader/download/file-loader-5.0.2.tgz",
      "integrity": "sha1-fz2LSshaXo32EzjP7JXXQF+XHKo=",
      "requires": {
        "loader-utils": "^1.2.3",
        "schema-utils": "^2.5.0"
      }
    },
    "has-flag": {
      "version": "3.0.0",
      "resolved": "https://registry.npm.taobao.org/has-flag/download/has-flag-3.0.0.tgz",
      "integrity": "sha1-tdRU3CGZriJWmfNGfloH87lVuv0="
    },
    "icss-utils": {
      "version": "4.1.1",
      "resolved": "https://registry.npm.taobao.org/icss-utils/download/icss-utils-4.1.1.tgz",
      "integrity": "sha1-IRcLU3ie4nRHwvR91oMIFAP5pGc=",
      "requires": {
        "postcss": "^7.0.14"
      }
    },
    "indexes-of": {
      "version": "1.0.1",
      "resolved": "https://registry.npm.taobao.org/indexes-of/download/indexes-of-1.0.1.tgz",
      "integrity": "sha1-8w9xbI4r00bHtn0985FVZqfAVgc="
    },
    "js-calendar": {
      "version": "1.2.3",
      "resolved": "https://registry.npm.taobao.org/js-calendar/download/js-calendar-1.2.3.tgz",
      "integrity": "sha1-pYOwZEtOaVujlPNE0QPbzHp6fT4="
    },
    "json-schema-traverse": {
      "version": "0.4.1",
      "resolved": "https://registry.npm.taobao.org/json-schema-traverse/download/json-schema-traverse-0.4.1.tgz",
      "integrity": "sha1-afaofZUTq4u4/mO9sJecRI5oRmA="
    },
    "json5": {
      "version": "1.0.1",
      "resolved": "https://registry.npm.taobao.org/json5/download/json5-1.0.1.tgz",
      "integrity": "sha1-d5+wAYYE+oVOrL9iUhgNg1Q+Pb4=",
      "requires": {
        "minimist": "^1.2.0"
      }
    },
    "loader-utils": {
      "version": "1.2.3",
      "resolved": "https://registry.npm.taobao.org/loader-utils/download/loader-utils-1.2.3.tgz",
      "integrity": "sha1-H/XcaRHJ8KBiUxpMBLYJQGEIwsc=",
      "requires": {
        "big.js": "^5.2.2",
        "emojis-list": "^2.0.0",
        "json5": "^1.0.1"
      }
    },
    "lodash.throttle": {
      "version": "4.1.1",
      "resolved": "https://registry.npm.taobao.org/lodash.throttle/download/lodash.throttle-4.1.1.tgz",
      "integrity": "sha1-wj6RtxAkKscMN/HhzaknTMOb8vQ="
    },
    "minimist": {
      "version": "1.2.0",
      "resolved": "https://registry.npm.taobao.org/minimist/download/minimist-1.2.0.tgz",
      "integrity": "sha1-o1AIsg9BOD7sH7kU9M1d95omQoQ="
    },
    "normalize-path": {
      "version": "3.0.0",
      "resolved": "https://registry.npm.taobao.org/normalize-path/download/normalize-path-3.0.0.tgz",
      "integrity": "sha1-Dc1p/yOhybEf0JeDFmRKA4ghamU="
    },
    "normalize-wheel": {
      "version": "1.0.1",
      "resolved": "https://registry.npm.taobao.org/normalize-wheel/download/normalize-wheel-1.0.1.tgz",
      "integrity": "sha1-rsiGr/2wRQcNhWRH32Ls+GFG7EU="
    },
    "popper.js": {
      "version": "1.16.1",
      "resolved": "https://registry.npm.taobao.org/popper.js/download/popper.js-1.16.1.tgz",
      "integrity": "sha1-KiI8s9x7YhPXQOQDcr5A3kPmWxs="
    },
    "postcss": {
      "version": "7.0.26",
      "resolved": "https://registry.npm.taobao.org/postcss/download/postcss-7.0.26.tgz?cache=0&sync_timestamp=1577751206655&other_urls=https%3A%2F%2Fregistry.npm.taobao.org%2Fpostcss%2Fdownload%2Fpostcss-7.0.26.tgz",
      "integrity": "sha1-XtYVz8qzW6m7uCQUpPqI6hBClYc=",
      "requires": {
        "chalk": "^2.4.2",
        "source-map": "^0.6.1",
        "supports-color": "^6.1.0"
      }
    },
    "postcss-modules-extract-imports": {
      "version": "2.0.0",
      "resolved": "https://registry.npm.taobao.org/postcss-modules-extract-imports/download/postcss-modules-extract-imports-2.0.0.tgz",
      "integrity": "sha1-gYcZoa4doyX5gyRGsBE27rSTzX4=",
      "requires": {
        "postcss": "^7.0.5"
      }
    },
    "postcss-modules-local-by-default": {
      "version": "3.0.2",
      "resolved": "https://registry.npm.taobao.org/postcss-modules-local-by-default/download/postcss-modules-local-by-default-3.0.2.tgz",
      "integrity": "sha1-6KZWG+kUqvPAUodjd1JMqQ27eRU=",
      "requires": {
        "icss-utils": "^4.1.1",
        "postcss": "^7.0.16",
        "postcss-selector-parser": "^6.0.2",
        "postcss-value-parser": "^4.0.0"
      }
    },
    "postcss-modules-scope": {
      "version": "2.1.1",
      "resolved": "https://registry.npm.taobao.org/postcss-modules-scope/download/postcss-modules-scope-2.1.1.tgz?cache=0&sync_timestamp=1574936987092&other_urls=https%3A%2F%2Fregistry.npm.taobao.org%2Fpostcss-modules-scope%2Fdownload%2Fpostcss-modules-scope-2.1.1.tgz",
      "integrity": "sha1-M9T8lGYC616TVcQWXWihBydonbo=",
      "requires": {
        "postcss": "^7.0.6",
        "postcss-selector-parser": "^6.0.0"
      }
    },
    "postcss-modules-values": {
      "version": "3.0.0",
      "resolved": "https://registry.npm.taobao.org/postcss-modules-values/download/postcss-modules-values-3.0.0.tgz",
      "integrity": "sha1-W1AA1uuuKbQlUwG0o6VFdEI+fxA=",
      "requires": {
        "icss-utils": "^4.0.0",
        "postcss": "^7.0.6"
      }
    },
    "postcss-selector-parser": {
      "version": "6.0.2",
      "resolved": "https://registry.npm.taobao.org/postcss-selector-parser/download/postcss-selector-parser-6.0.2.tgz",
      "integrity": "sha1-k0z3mdAWyDQRhZ4J3Oyt4BKG7Fw=",
      "requires": {
        "cssesc": "^3.0.0",
        "indexes-of": "^1.0.1",
        "uniq": "^1.0.1"
      }
    },
    "postcss-value-parser": {
      "version": "4.0.2",
      "resolved": "https://registry.npm.taobao.org/postcss-value-parser/download/postcss-value-parser-4.0.2.tgz",
      "integrity": "sha1-SCKCwJpCcG0fyaBptz9E7Ag5Hck="
    },
    "punycode": {
      "version": "2.1.1",
      "resolved": "https://registry.npm.taobao.org/punycode/download/punycode-2.1.1.tgz",
      "integrity": "sha1-tYsBCsQMIsVldhbI0sLALHv0eew="
    },
    "regenerator-runtime": {
      "version": "0.11.1",
      "resolved": "https://registry.npm.taobao.org/regenerator-runtime/download/regenerator-runtime-0.11.1.tgz",
      "integrity": "sha1-vgWtf5v30i4Fb5cmzuUBf78Z4uk="
    },
    "resize-observer-polyfill": {
      "version": "1.5.1",
      "resolved": "https://registry.npm.taobao.org/resize-observer-polyfill/download/resize-observer-polyfill-1.5.1.tgz",
      "integrity": "sha1-DpAg3T0hAkRY1OvSfiPkAmmBBGQ="
    },
    "schema-utils": {
      "version": "2.6.4",
      "resolved": "https://registry.npm.taobao.org/schema-utils/download/schema-utils-2.6.4.tgz",
      "integrity": "sha1-on779uTnhonZGHLuPM+lfXvdD1M=",
      "requires": {
        "ajv": "^6.10.2",
        "ajv-keywords": "^3.4.1"
      }
    },
    "source-map": {
      "version": "0.6.1",
      "resolved": "https://registry.npm.taobao.org/source-map/download/source-map-0.6.1.tgz?cache=0&sync_timestamp=1571657176668&other_urls=https%3A%2F%2Fregistry.npm.taobao.org%2Fsource-map%2Fdownload%2Fsource-map-0.6.1.tgz",
      "integrity": "sha1-dHIq8y6WFOnCh6jQu95IteLxomM="
    },
    "style-loader": {
      "version": "1.1.3",
      "resolved": "https://registry.npm.taobao.org/style-loader/download/style-loader-1.1.3.tgz?cache=0&sync_timestamp=1579301707625&other_urls=https%3A%2F%2Fregistry.npm.taobao.org%2Fstyle-loader%2Fdownload%2Fstyle-loader-1.1.3.tgz",
      "integrity": "sha1-noJuacaDxNm/nbkk+F6auzDV4gA=",
      "requires": {
        "loader-utils": "^1.2.3",
        "schema-utils": "^2.6.4"
      }
    },
    "supports-color": {
      "version": "6.1.0",
      "resolved": "https://registry.npm.taobao.org/supports-color/download/supports-color-6.1.0.tgz",
      "integrity": "sha1-B2Srxpxj1ayELdSGfo0CXogN+PM=",
      "requires": {
        "has-flag": "^3.0.0"
      }
    },
    "throttle-debounce": {
      "version": "1.1.0",
      "resolved": "https://registry.npm.taobao.org/throttle-debounce/download/throttle-debounce-1.1.0.tgz",
      "integrity": "sha1-UYU9o3vmihVctugns1FKPEIuic0="
    },
    "tinycolor2": {
      "version": "1.4.1",
      "resolved": "https://registry.npm.taobao.org/tinycolor2/download/tinycolor2-1.4.1.tgz",
      "integrity": "sha1-9PrTM0R7wLB9TcjpIJ2POaisd+g="
    },
    "uniq": {
      "version": "1.0.1",
      "resolved": "https://registry.npm.taobao.org/uniq/download/uniq-1.0.1.tgz",
      "integrity": "sha1-sxxa6CVIRKOoKBVBzisEuGWnNP8="
    },
    "uri-js": {
      "version": "4.2.2",
      "resolved": "https://registry.npm.taobao.org/uri-js/download/uri-js-4.2.2.tgz",
      "integrity": "sha1-lMVA4f93KVbiKZUHwBCupsiDjrA=",
      "requires": {
        "punycode": "^2.1.0"
      }
    },
    "v-click-outside-x": {
      "version": "3.7.1",
      "resolved": "https://registry.npm.taobao.org/v-click-outside-x/download/v-click-outside-x-3.7.1.tgz?cache=0&sync_timestamp=1579043108278&other_urls=https%3A%2F%2Fregistry.npm.taobao.org%2Fv-click-outside-x%2Fdownload%2Fv-click-outside-x-3.7.1.tgz",
      "integrity": "sha1-qgPqoOQeRMtSB9z4bC2fDdZAhME="
    },
    "view-design": {
      "version": "4.1.1",
      "resolved": "https://registry.npm.taobao.org/view-design/download/view-design-4.1.1.tgz",
      "integrity": "sha1-w0GvqYYDWrksT8pLG9sqqFcHVJA=",
      "requires": {
        "async-validator": "^1.10.0",
        "deepmerge": "^2.2.1",
        "element-resize-detector": "^1.2.0",
        "js-calendar": "^1.2.3",
        "lodash.throttle": "^4.1.1",
        "popper.js": "^1.14.6",
        "tinycolor2": "^1.4.1",
        "v-click-outside-x": "^3.7.1"
      },
      "dependencies": {
        "async-validator": {
          "version": "1.12.2",
          "resolved": "https://registry.npm.taobao.org/async-validator/download/async-validator-1.12.2.tgz",
          "integrity": "sha1-vq5nHnF00pOLe0tp0vt+cit/1yw="
        },
        "deepmerge": {
          "version": "2.2.1",
          "resolved": "https://registry.npm.taobao.org/deepmerge/download/deepmerge-2.2.1.tgz?cache=0&sync_timestamp=1572279720382&other_urls=https%3A%2F%2Fregistry.npm.taobao.org%2Fdeepmerge%2Fdownload%2Fdeepmerge-2.2.1.tgz",
          "integrity": "sha1-XT/yKgHAD2RUBaL7wX0HeKGAEXA="
        }
      }
    },
    "vue": {
      "version": "2.6.11",
      "resolved": "https://registry.npm.taobao.org/vue/download/vue-2.6.11.tgz",
      "integrity": "sha1-dllNh31LEiNEBuhONSdcbVFBJcU="
    }
  }
}
